
Microsoft Visual Studio Solution File, Format Version 11.00
# Visual Studio 2010
Project("{FAE04EC0-301F-11D3-BF4B-00C04F79EFBC}") = "Simple Web Server", "Simple Web Server\Simple Web Server.csproj", "{46E86A13-B4CF-422F-956A-47711F61F098}"
EndProject
Global
	GlobalSection(SolutionConfigurationPlatforms) = preSolution
		Debug|Any CPU = Debug|Any CPU
		Release|Any CPU = Release|Any CPU
	EndGlobalSection
	GlobalSection(ProjectConfigurationPlatforms) = postSolution
		{46E86A13-B4CF-422F-956A-47711F61F098}.Debug|Any CPU.ActiveCfg = Debug|Any CPU
		{46E86A13-B4CF-422F-956A-47711F61F098}.Debug|Any CPU.Build.0 = Debug|Any CPU
		{46E86A13-B4CF-422F-956A-47711F61F098}.Debug|Any CPU.Deploy.0 = Debug|Any CPU
		{46E86A13-B4CF-422F-956A-47711F61F098}.Release|Any CPU.ActiveCfg = Release|Any CPU
		{46E86A13-B4CF-422F-956A-47711F61F098}.Release|Any CPU.Build.0 = Release|Any CPU
		{46E86A13-B4CF-422F-956A-47711F61F098}.Release|Any CPU.Deploy.0 = Release|Any CPU
	EndGlobalSection
	GlobalSection(SolutionProperties) = preSolution
		HideSolutionNode = FALSE
	EndGlobalSection
EndGlobal
