
Microsoft Visual Studio Solution File, Format Version 11.00
# Visual Studio 2010
Project("{FAE04EC0-301F-11D3-BF4B-00C04F79EFBC}") = "NetduinoSerbDemo", "NetduinoSerbDemo\NetduinoSerbDemo.csproj", "{A2A174FA-B576-4A42-9E19-77D4D2089BDC}"
EndProject
Project("{FAE04EC0-301F-11D3-BF4B-00C04F79EFBC}") = "NetduinoSerbRemote", "NetduinoSerbRemote\NetduinoSerbRemote.csproj", "{0E4671CB-68A7-4BC8-A423-C4AC7A1FB495}"
EndProject
Project("{FAE04EC0-301F-11D3-BF4B-00C04F79EFBC}") = "SerbRemote", "SerbRemote\SerbRemote.csproj", "{72ED7046-B041-45FB-8A52-41C14CA7B2EF}"
EndProject
Global
	GlobalSection(SolutionConfigurationPlatforms) = preSolution
		Debug|Any CPU = Debug|Any CPU
		Debug|Mixed Platforms = Debug|Mixed Platforms
		Debug|x86 = Debug|x86
		Release|Any CPU = Release|Any CPU
		Release|Mixed Platforms = Release|Mixed Platforms
		Release|x86 = Release|x86
	EndGlobalSection
	GlobalSection(ProjectConfigurationPlatforms) = postSolution
		{A2A174FA-B576-4A42-9E19-77D4D2089BDC}.Debug|Any CPU.ActiveCfg = Debug|Any CPU
		{A2A174FA-B576-4A42-9E19-77D4D2089BDC}.Debug|Any CPU.Build.0 = Debug|Any CPU
		{A2A174FA-B576-4A42-9E19-77D4D2089BDC}.Debug|Any CPU.Deploy.0 = Debug|Any CPU
		{A2A174FA-B576-4A42-9E19-77D4D2089BDC}.Debug|Mixed Platforms.ActiveCfg = Debug|Any CPU
		{A2A174FA-B576-4A42-9E19-77D4D2089BDC}.Debug|Mixed Platforms.Build.0 = Debug|Any CPU
		{A2A174FA-B576-4A42-9E19-77D4D2089BDC}.Debug|Mixed Platforms.Deploy.0 = Debug|Any CPU
		{A2A174FA-B576-4A42-9E19-77D4D2089BDC}.Debug|x86.ActiveCfg = Debug|Any CPU
		{A2A174FA-B576-4A42-9E19-77D4D2089BDC}.Release|Any CPU.ActiveCfg = Release|Any CPU
		{A2A174FA-B576-4A42-9E19-77D4D2089BDC}.Release|Any CPU.Build.0 = Release|Any CPU
		{A2A174FA-B576-4A42-9E19-77D4D2089BDC}.Release|Any CPU.Deploy.0 = Release|Any CPU
		{A2A174FA-B576-4A42-9E19-77D4D2089BDC}.Release|Mixed Platforms.ActiveCfg = Release|Any CPU
		{A2A174FA-B576-4A42-9E19-77D4D2089BDC}.Release|Mixed Platforms.Build.0 = Release|Any CPU
		{A2A174FA-B576-4A42-9E19-77D4D2089BDC}.Release|Mixed Platforms.Deploy.0 = Release|Any CPU
		{A2A174FA-B576-4A42-9E19-77D4D2089BDC}.Release|x86.ActiveCfg = Release|Any CPU
		{0E4671CB-68A7-4BC8-A423-C4AC7A1FB495}.Debug|Any CPU.ActiveCfg = Debug|Any CPU
		{0E4671CB-68A7-4BC8-A423-C4AC7A1FB495}.Debug|Any CPU.Build.0 = Debug|Any CPU
		{0E4671CB-68A7-4BC8-A423-C4AC7A1FB495}.Debug|Mixed Platforms.ActiveCfg = Debug|Any CPU
		{0E4671CB-68A7-4BC8-A423-C4AC7A1FB495}.Debug|Mixed Platforms.Build.0 = Debug|Any CPU
		{0E4671CB-68A7-4BC8-A423-C4AC7A1FB495}.Debug|x86.ActiveCfg = Debug|Any CPU
		{0E4671CB-68A7-4BC8-A423-C4AC7A1FB495}.Release|Any CPU.ActiveCfg = Release|Any CPU
		{0E4671CB-68A7-4BC8-A423-C4AC7A1FB495}.Release|Any CPU.Build.0 = Release|Any CPU
		{0E4671CB-68A7-4BC8-A423-C4AC7A1FB495}.Release|Any CPU.Deploy.0 = Release|Any CPU
		{0E4671CB-68A7-4BC8-A423-C4AC7A1FB495}.Release|Mixed Platforms.ActiveCfg = Release|Any CPU
		{0E4671CB-68A7-4BC8-A423-C4AC7A1FB495}.Release|Mixed Platforms.Build.0 = Release|Any CPU
		{0E4671CB-68A7-4BC8-A423-C4AC7A1FB495}.Release|Mixed Platforms.Deploy.0 = Release|Any CPU
		{0E4671CB-68A7-4BC8-A423-C4AC7A1FB495}.Release|x86.ActiveCfg = Release|Any CPU
		{72ED7046-B041-45FB-8A52-41C14CA7B2EF}.Debug|Any CPU.ActiveCfg = Debug|x86
		{72ED7046-B041-45FB-8A52-41C14CA7B2EF}.Debug|Mixed Platforms.ActiveCfg = Debug|x86
		{72ED7046-B041-45FB-8A52-41C14CA7B2EF}.Debug|Mixed Platforms.Build.0 = Debug|x86
		{72ED7046-B041-45FB-8A52-41C14CA7B2EF}.Debug|x86.ActiveCfg = Debug|x86
		{72ED7046-B041-45FB-8A52-41C14CA7B2EF}.Debug|x86.Build.0 = Debug|x86
		{72ED7046-B041-45FB-8A52-41C14CA7B2EF}.Release|Any CPU.ActiveCfg = Release|x86
		{72ED7046-B041-45FB-8A52-41C14CA7B2EF}.Release|Mixed Platforms.ActiveCfg = Release|x86
		{72ED7046-B041-45FB-8A52-41C14CA7B2EF}.Release|Mixed Platforms.Build.0 = Release|x86
		{72ED7046-B041-45FB-8A52-41C14CA7B2EF}.Release|x86.ActiveCfg = Release|x86
		{72ED7046-B041-45FB-8A52-41C14CA7B2EF}.Release|x86.Build.0 = Release|x86
	EndGlobalSection
	GlobalSection(SolutionProperties) = preSolution
		HideSolutionNode = FALSE
	EndGlobalSection
	GlobalSection(ExtensibilityGlobals) = postSolution
		VisualSVNWorkingCopyRoot = .
	EndGlobalSection
EndGlobal
